# THIS IS AN AUTOGENERATED FILE. DO NOT EDIT THIS FILE DIRECTLY.
# yarn lockfile v1


jsii-release@^0.2.3:
  version "0.2.3"
  resolved "https://registry.yarnpkg.com/jsii-release/-/jsii-release-0.2.3.tgz#64b034fed39a878d3a7f7904eec2e9f19760ad10"
  integrity sha512-/3AxbWISPUXcTLUHxctmdM34mzA7GH7vI/KjIIHlBa1eU7aivln3B18dmSCIZ26glyoS6OQ7qFgw13Eiu87Q8Q==
